
Microsoft Visual Studio Solution File, Format Version 12.00
# Visual Studio Version 17
VisualStudioVersion = 17.14.37614.0
MinimumVisualStudioVersion = 10.0.40219.1
Project("{2150E333-8FDC-42A3-9474-1A3956D46DE8}") = "src", "src", "{02EA681E-C7D8-13C7-8484-4AC65E1B71E8}"
EndProject
Project("{2150E333-8FDC-42A3-9474-1A3956D46DE8}") = "tests", "tests", "{9E900047-AE6D-4C24-8B1D-2F754F652A46}"
EndProject
Project("{FAE04EC0-301F-11D3-BF4B-00C04F79EFBC}") = "VisaTelegramBot.Domain", "src\VisaTelegramBot.Domain\VisaTelegramBot.Domain.csproj", "{4FFFA78D-9F6D-4405-9996-6E50CF6E63C3}"
EndProject
Project("{FAE04EC0-301F-11D3-BF4B-00C04F79EFBC}") = "VisaTelegramBot.Application", "src\VisaTelegramBot.Application\VisaTelegramBot.Application.csproj", "{BB0FE401-5523-4011-B68E-F443A6D36AB7}"
EndProject
Project("{FAE04EC0-301F-11D3-BF4B-00C04F79EFBC}") = "VisaTelegramBot.Infrastructure", "src\VisaTelegramBot.Infrastructure\VisaTelegramBot.Infrastructure.csproj", "{B9DB0E43-9465-4C2B-A94D-D9947F1FAB6C}"
EndProject
Project("{FAE04EC0-301F-11D3-BF4B-00C04F79EFBC}") = "VisaTelegramBot.WebApi", "src\VisaTelegramBot.WebApi\VisaTelegramBot.WebApi.csproj", "{61B1841A-88B6-4045-89D8-EF0155868872}"
EndProject
Project("{FAE04EC0-301F-11D3-BF4B-00C04F79EFBC}") = "VisaTelegramBot.Domain.Tests", "tests\VisaTelegramBot.Domain.Tests\VisaTelegramBot.Domain.Tests.csproj", "{25E03630-1FD9-4322-BE11-FFA01D6E76B4}"
EndProject
Project("{FAE04EC0-301F-11D3-BF4B-00C04F79EFBC}") = "VisaTelegramBot.Application.Tests", "tests\VisaTelegramBot.Application.Tests\VisaTelegramBot.Application.Tests.csproj", "{D664A3E7-EB04-4F69-BC26-424392121673}"
EndProject
Project("{FAE04EC0-301F-11D3-BF4B-00C04F79EFBC}") = "VisaTelegramBot.Worker", "src\VisaTelegramBot.Worker\VisaTelegramBot.Worker.csproj", "{F9D40E05-3E25-4CF1-804C-88C309E5937E}"
EndProject
Project("{FAE04EC0-301F-11D3-BF4B-00C04F79EFBC}") = "VisaTelegramBot.ArchitectureTests", "tests\VisaTelegramBot.ArchitectureTests\VisaTelegramBot.ArchitectureTests.csproj", "{43A39BD1-80F4-4123-B489-4075CDC9FB36}"
EndProject
Project("{FAE04EC0-301F-11D3-BF4B-00C04F79EFBC}") = "VisaTelegramBot.IntegrationTests", "tests\VisaTelegramBot.IntegrationTests\VisaTelegramBot.IntegrationTests.csproj", "{96154E2A-5E08-4194-B96F-811D2EDE02E3}"
EndProject
Global
	GlobalSection(SolutionConfigurationPlatforms) = preSolution
		Debug|Any CPU = Debug|Any CPU
		Debug|x64 = Debug|x64
		Debug|x86 = Debug|x86
		Release|Any CPU = Release|Any CPU
		Release|x64 = Release|x64
		Release|x86 = Release|x86
	EndGlobalSection
	GlobalSection(ProjectConfigurationPlatforms) = postSolution
		{4FFFA78D-9F6D-4405-9996-6E50CF6E63C3}.Debug|Any CPU.ActiveCfg = Debug|Any CPU
		{4FFFA78D-9F6D-4405-9996-6E50CF6E63C3}.Debug|Any CPU.Build.0 = Debug|Any CPU
		{4FFFA78D-9F6D-4405-9996-6E50CF6E63C3}.Debug|x64.ActiveCfg = Debug|Any CPU
		{4FFFA78D-9F6D-4405-9996-6E50CF6E63C3}.Debug|x64.Build.0 = Debug|Any CPU
		{4FFFA78D-9F6D-4405-9996-6E50CF6E63C3}.Debug|x86.ActiveCfg = Debug|Any CPU
		{4FFFA78D-9F6D-4405-9996-6E50CF6E63C3}.Debug|x86.Build.0 = Debug|Any CPU
		{4FFFA78D-9F6D-4405-9996-6E50CF6E63C3}.Release|Any CPU.ActiveCfg = Release|Any CPU
		{4FFFA78D-9F6D-4405-9996-6E50CF6E63C3}.Release|Any CPU.Build.0 = Release|Any CPU
		{4FFFA78D-9F6D-4405-9996-6E50CF6E63C3}.Release|x64.ActiveCfg = Release|Any CPU
		{4FFFA78D-9F6D-4405-9996-6E50CF6E63C3}.Release|x64.Build.0 = Release|Any CPU
		{4FFFA78D-9F6D-4405-9996-6E50CF6E63C3}.Release|x86.ActiveCfg = Release|Any CPU
		{4FFFA78D-9F6D-4405-9996-6E50CF6E63C3}.Release|x86.Build.0 = Release|Any CPU
		{BB0FE401-5523-4011-B68E-F443A6D36AB7}.Debug|Any CPU.ActiveCfg = Debug|Any CPU
		{BB0FE401-5523-4011-B68E-F443A6D36AB7}.Debug|Any CPU.Build.0 = Debug|Any CPU
		{BB0FE401-5523-4011-B68E-F443A6D36AB7}.Debug|x64.ActiveCfg = Debug|Any CPU
		{BB0FE401-5523-4011-B68E-F443A6D36AB7}.Debug|x64.Build.0 = Debug|Any CPU
		{BB0FE401-5523-4011-B68E-F443A6D36AB7}.Debug|x86.ActiveCfg = Debug|Any CPU
		{BB0FE401-5523-4011-B68E-F443A6D36AB7}.Debug|x86.Build.0 = Debug|Any CPU
		{BB0FE401-5523-4011-B68E-F443A6D36AB7}.Release|Any CPU.ActiveCfg = Release|Any CPU
		{BB0FE401-5523-4011-B68E-F443A6D36AB7}.Release|Any CPU.Build.0 = Release|Any CPU
		{BB0FE401-5523-4011-B68E-F443A6D36AB7}.Release|x64.ActiveCfg = Release|Any CPU
		{BB0FE401-5523-4011-B68E-F443A6D36AB7}.Release|x64.Build.0 = Release|Any CPU
		{BB0FE401-5523-4011-B68E-F443A6D36AB7}.Release|x86.ActiveCfg = Release|Any CPU
		{BB0FE401-5523-4011-B68E-F443A6D36AB7}.Release|x86.Build.0 = Release|Any CPU
		{B9DB0E43-9465-4C2B-A94D-D9947F1FAB6C}.Debug|Any CPU.ActiveCfg = Debug|Any CPU
		{B9DB0E43-9465-4C2B-A94D-D9947F1FAB6C}.Debug|Any CPU.Build.0 = Debug|Any CPU
		{B9DB0E43-9465-4C2B-A94D-D9947F1FAB6C}.Debug|x64.ActiveCfg = Debug|Any CPU
		{B9DB0E43-9465-4C2B-A94D-D9947F1FAB6C}.Debug|x64.Build.0 = Debug|Any CPU
		{B9DB0E43-9465-4C2B-A94D-D9947F1FAB6C}.Debug|x86.ActiveCfg = Debug|Any CPU
		{B9DB0E43-9465-4C2B-A94D-D9947F1FAB6C}.Debug|x86.Build.0 = Debug|Any CPU
		{B9DB0E43-9465-4C2B-A94D-D9947F1FAB6C}.Release|Any CPU.ActiveCfg = Release|Any CPU
		{B9DB0E43-9465-4C2B-A94D-D9947F1FAB6C}.Release|Any CPU.Build.0 = Release|Any CPU
		{B9DB0E43-9465-4C2B-A94D-D9947F1FAB6C}.Release|x64.ActiveCfg = Release|Any CPU
		{B9DB0E43-9465-4C2B-A94D-D9947F1FAB6C}.Release|x64.Build.0 = Release|Any CPU
		{B9DB0E43-9465-4C2B-A94D-D9947F1FAB6C}.Release|x86.ActiveCfg = Release|Any CPU
		{B9DB0E43-9465-4C2B-A94D-D9947F1FAB6C}.Release|x86.Build.0 = Release|Any CPU
		{61B1841A-88B6-4045-89D8-EF0155868872}.Debug|Any CPU.ActiveCfg = Debug|Any CPU
		{61B1841A-88B6-4045-89D8-EF0155868872}.Debug|Any CPU.Build.0 = Debug|Any CPU
		{61B1841A-88B6-4045-89D8-EF0155868872}.Debug|x64.ActiveCfg = Debug|Any CPU
		{61B1841A-88B6-4045-89D8-EF0155868872}.Debug|x64.Build.0 = Debug|Any CPU
		{61B1841A-88B6-4045-89D8-EF0155868872}.Debug|x86.ActiveCfg = Debug|Any CPU
		{61B1841A-88B6-4045-89D8-EF0155868872}.Debug|x86.Build.0 = Debug|Any CPU
		{61B1841A-88B6-4045-89D8-EF0155868872}.Release|Any CPU.ActiveCfg = Release|Any CPU
		{61B1841A-88B6-4045-89D8-EF0155868872}.Release|Any CPU.Build.0 = Release|Any CPU
		{61B1841A-88B6-4045-89D8-EF0155868872}.Release|x64.ActiveCfg = Release|Any CPU
		{61B1841A-88B6-4045-89D8-EF0155868872}.Release|x64.Build.0 = Release|Any CPU
		{61B1841A-88B6-4045-89D8-EF0155868872}.Release|x86.ActiveCfg = Release|Any CPU
		{61B1841A-88B6-4045-89D8-EF0155868872}.Release|x86.Build.0 = Release|Any CPU
		{25E03630-1FD9-4322-BE11-FFA01D6E76B4}.Debug|Any CPU.ActiveCfg = Debug|Any CPU
		{25E03630-1FD9-4322-BE11-FFA01D6E76B4}.Debug|Any CPU.Build.0 = Debug|Any CPU
		{25E03630-1FD9-4322-BE11-FFA01D6E76B4}.Debug|x64.ActiveCfg = Debug|Any CPU
		{25E03630-1FD9-4322-BE11-FFA01D6E76B4}.Debug|x64.Build.0 = Debug|Any CPU
		{25E03630-1FD9-4322-BE11-FFA01D6E76B4}.Debug|x86.ActiveCfg = Debug|Any CPU
		{25E03630-1FD9-4322-BE11-FFA01D6E76B4}.Debug|x86.Build.0 = Debug|Any CPU
		{25E03630-1FD9-4322-BE11-FFA01D6E76B4}.Release|Any CPU.ActiveCfg = Release|Any CPU
		{25E03630-1FD9-4322-BE11-FFA01D6E76B4}.Release|Any CPU.Build.0 = Release|Any CPU
		{25E03630-1FD9-4322-BE11-FFA01D6E76B4}.Release|x64.ActiveCfg = Release|Any CPU
		{25E03630-1FD9-4322-BE11-FFA01D6E76B4}.Release|x64.Build.0 = Release|Any CPU
		{25E03630-1FD9-4322-BE11-FFA01D6E76B4}.Release|x86.ActiveCfg = Release|Any CPU
		{25E03630-1FD9-4322-BE11-FFA01D6E76B4}.Release|x86.Build.0 = Release|Any CPU
		{D664A3E7-EB04-4F69-BC26-424392121673}.Debug|Any CPU.ActiveCfg = Debug|Any CPU
		{D664A3E7-EB04-4F69-BC26-424392121673}.Debug|Any CPU.Build.0 = Debug|Any CPU
		{D664A3E7-EB04-4F69-BC26-424392121673}.Debug|x64.ActiveCfg = Debug|Any CPU
		{D664A3E7-EB04-4F69-BC26-424392121673}.Debug|x64.Build.0 = Debug|Any CPU
		{D664A3E7-EB04-4F69-BC26-424392121673}.Debug|x86.ActiveCfg = Debug|Any CPU
		{D664A3E7-EB04-4F69-BC26-424392121673}.Debug|x86.Build.0 = Debug|Any CPU
		{D664A3E7-EB04-4F69-BC26-424392121673}.Release|Any CPU.ActiveCfg = Release|Any CPU
		{D664A3E7-EB04-4F69-BC26-424392121673}.Release|Any CPU.Build.0 = Release|Any CPU
		{D664A3E7-EB04-4F69-BC26-424392121673}.Release|x64.ActiveCfg = Release|Any CPU
		{D664A3E7-EB04-4F69-BC26-424392121673}.Release|x64.Build.0 = Release|Any CPU
		{D664A3E7-EB04-4F69-BC26-424392121673}.Release|x86.ActiveCfg = Release|Any CPU
		{D664A3E7-EB04-4F69-BC26-424392121673}.Release|x86.Build.0 = Release|Any CPU
		{F9D40E05-3E25-4CF1-804C-88C309E5937E}.Debug|Any CPU.ActiveCfg = Debug|Any CPU
		{F9D40E05-3E25-4CF1-804C-88C309E5937E}.Debug|Any CPU.Build.0 = Debug|Any CPU
		{F9D40E05-3E25-4CF1-804C-88C309E5937E}.Debug|x64.ActiveCfg = Debug|Any CPU
		{F9D40E05-3E25-4CF1-804C-88C309E5937E}.Debug|x64.Build.0 = Debug|Any CPU
		{F9D40E05-3E25-4CF1-804C-88C309E5937E}.Debug|x86.ActiveCfg = Debug|Any CPU
		{F9D40E05-3E25-4CF1-804C-88C309E5937E}.Debug|x86.Build.0 = Debug|Any CPU
		{F9D40E05-3E25-4CF1-804C-88C309E5937E}.Release|Any CPU.ActiveCfg = Release|Any CPU
		{F9D40E05-3E25-4CF1-804C-88C309E5937E}.Release|Any CPU.Build.0 = Release|Any CPU
		{F9D40E05-3E25-4CF1-804C-88C309E5937E}.Release|x64.ActiveCfg = Release|Any CPU
		{F9D40E05-3E25-4CF1-804C-88C309E5937E}.Release|x64.Build.0 = Release|Any CPU
		{F9D40E05-3E25-4CF1-804C-88C309E5937E}.Release|x86.ActiveCfg = Release|Any CPU
		{F9D40E05-3E25-4CF1-804C-88C309E5937E}.Release|x86.Build.0 = Release|Any CPU
		{43A39BD1-80F4-4123-B489-4075CDC9FB36}.Debug|Any CPU.ActiveCfg = Debug|Any CPU
		{43A39BD1-80F4-4123-B489-4075CDC9FB36}.Debug|Any CPU.Build.0 = Debug|Any CPU
		{43A39BD1-80F4-4123-B489-4075CDC9FB36}.Debug|x64.ActiveCfg = Debug|Any CPU
		{43A39BD1-80F4-4123-B489-4075CDC9FB36}.Debug|x64.Build.0 = Debug|Any CPU
		{43A39BD1-80F4-4123-B489-4075CDC9FB36}.Debug|x86.ActiveCfg = Debug|Any CPU
		{43A39BD1-80F4-4123-B489-4075CDC9FB36}.Debug|x86.Build.0 = Debug|Any CPU
		{43A39BD1-80F4-4123-B489-4075CDC9FB36}.Release|Any CPU.ActiveCfg = Release|Any CPU
		{43A39BD1-80F4-4123-B489-4075CDC9FB36}.Release|Any CPU.Build.0 = Release|Any CPU
		{43A39BD1-80F4-4123-B489-4075CDC9FB36}.Release|x64.ActiveCfg = Release|Any CPU
		{43A39BD1-80F4-4123-B489-4075CDC9FB36}.Release|x64.Build.0 = Release|Any CPU
		{43A39BD1-80F4-4123-B489-4075CDC9FB36}.Release|x86.ActiveCfg = Release|Any CPU
		{43A39BD1-80F4-4123-B489-4075CDC9FB36}.Release|x86.Build.0 = Release|Any CPU
		{96154E2A-5E08-4194-B96F-811D2EDE02E3}.Debug|Any CPU.ActiveCfg = Debug|Any CPU
		{96154E2A-5E08-4194-B96F-811D2EDE02E3}.Debug|Any CPU.Build.0 = Debug|Any CPU
		{96154E2A-5E08-4194-B96F-811D2EDE02E3}.Debug|x64.ActiveCfg = Debug|Any CPU
		{96154E2A-5E08-4194-B96F-811D2EDE02E3}.Debug|x64.Build.0 = Debug|Any CPU
		{96154E2A-5E08-4194-B96F-811D2EDE02E3}.Debug|x86.ActiveCfg = Debug|Any CPU
		{96154E2A-5E08-4194-B96F-811D2EDE02E3}.Debug|x86.Build.0 = Debug|Any CPU
		{96154E2A-5E08-4194-B96F-811D2EDE02E3}.Release|Any CPU.ActiveCfg = Release|Any CPU
		{96154E2A-5E08-4194-B96F-811D2EDE02E3}.Release|Any CPU.Build.0 = Release|Any CPU
		{96154E2A-5E08-4194-B96F-811D2EDE02E3}.Release|x64.ActiveCfg = Release|Any CPU
		{96154E2A-5E08-4194-B96F-811D2EDE02E3}.Release|x64.Build.0 = Release|Any CPU
		{96154E2A-5E08-4194-B96F-811D2EDE02E3}.Release|x86.ActiveCfg = Release|Any CPU
		{96154E2A-5E08-4194-B96F-811D2EDE02E3}.Release|x86.Build.0 = Release|Any CPU
	EndGlobalSection
	GlobalSection(SolutionProperties) = preSolution
		HideSolutionNode = FALSE
	EndGlobalSection
	GlobalSection(NestedProjects) = preSolution
		{4FFFA78D-9F6D-4405-9996-6E50CF6E63C3} = {02EA681E-C7D8-13C7-8484-4AC65E1B71E8}
		{BB0FE401-5523-4011-B68E-F443A6D36AB7} = {02EA681E-C7D8-13C7-8484-4AC65E1B71E8}
		{B9DB0E43-9465-4C2B-A94D-D9947F1FAB6C} = {02EA681E-C7D8-13C7-8484-4AC65E1B71E8}
		{61B1841A-88B6-4045-89D8-EF0155868872} = {02EA681E-C7D8-13C7-8484-4AC65E1B71E8}
		{25E03630-1FD9-4322-BE11-FFA01D6E76B4} = {9E900047-AE6D-4C24-8B1D-2F754F652A46}
		{D664A3E7-EB04-4F69-BC26-424392121673} = {9E900047-AE6D-4C24-8B1D-2F754F652A46}
		{F9D40E05-3E25-4CF1-804C-88C309E5937E} = {02EA681E-C7D8-13C7-8484-4AC65E1B71E8}
		{43A39BD1-80F4-4123-B489-4075CDC9FB36} = {9E900047-AE6D-4C24-8B1D-2F754F652A46}
		{96154E2A-5E08-4194-B96F-811D2EDE02E3} = {9E900047-AE6D-4C24-8B1D-2F754F652A46}
	EndGlobalSection
	GlobalSection(ExtensibilityGlobals) = postSolution
		SolutionGuid = {438670B2-8E48-4D1A-AD59-F0A000E86294}
	EndGlobalSection
EndGlobal
